
Microsoft Visual Studio Solution File, Format Version 12.00
# Visual Studio Version 17
VisualStudioVersion = 17.6.33829.357
MinimumVisualStudioVersion = 10.0.40219.1
Project("{FAE04EC0-301F-11D3-BF4B-00C04F79EFBC}") = "Demo", "Demo\Demo.csproj", "{7D30F822-1B93-4772-A513-BE01DA5D0C9C}"
EndProject
Global
	GlobalSection(SolutionConfigurationPlatforms) = preSolution
		Debug|Any CPU = Debug|Any CPU
		Release|Any CPU = Release|Any CPU
	EndGlobalSection
	GlobalSection(ProjectConfigurationPlatforms) = postSolution
		{7D30F822-1B93-4772-A513-BE01DA5D0C9C}.Debug|Any CPU.ActiveCfg = Debug|Any CPU
		{7D30F822-1B93-4772-A513-BE01DA5D0C9C}.Debug|Any CPU.Build.0 = Debug|Any CPU
		{7D30F822-1B93-4772-A513-BE01DA5D0C9C}.Release|Any CPU.ActiveCfg = Release|Any CPU
		{7D30F822-1B93-4772-A513-BE01DA5D0C9C}.Release|Any CPU.Build.0 = Release|Any CPU
	EndGlobalSection
	GlobalSection(SolutionProperties) = preSolution
		HideSolutionNode = FALSE
	EndGlobalSection
	GlobalSection(ExtensibilityGlobals) = postSolution
		SolutionGuid = {9EA60B76-B1A9-4853-879D-25BFB6228DFA}
	EndGlobalSection
EndGlobal
